
Microsoft Visual Studio Solution File, Format Version 12.00
# Visual Studio Version 17
VisualStudioVersion = 17.4.33213.308
MinimumVisualStudioVersion = 10.0.40219.1
Project("{9A19103F-16F7-4668-BE54-9A1E7A4F7556}") = "Movie", "Movie\Movie.csproj", "{4D42A447-110D-42BE-8CE9-ACFF49E4312A}"
EndProject
Project("{9A19103F-16F7-4668-BE54-9A1E7A4F7556}") = "Movie.Core", "Movie.Core\Movie.Core.csproj", "{EA7CD130-CEBD-4EDD-BAD3-876AB3ECBCA0}"
EndProject
Project("{9A19103F-16F7-4668-BE54-9A1E7A4F7556}") = "Movie.Repository", "Movie.Repository\Movie.Repository.csproj", "{E16F69F8-9576-4A78-8692-8FD28B22C138}"
EndProject
Project("{9A19103F-16F7-4668-BE54-9A1E7A4F7556}") = "Movie.Service", "Movie.Service\Movie.Service.csproj", "{A6D3FBE5-B97E-44B6-8F39-21D3CD37CAC4}"
EndProject
Global
	GlobalSection(SolutionConfigurationPlatforms) = preSolution
		Debug|Any CPU = Debug|Any CPU
		Release|Any CPU = Release|Any CPU
	EndGlobalSection
	GlobalSection(ProjectConfigurationPlatforms) = postSolution
		{4D42A447-110D-42BE-8CE9-ACFF49E4312A}.Debug|Any CPU.ActiveCfg = Debug|Any CPU
		{4D42A447-110D-42BE-8CE9-ACFF49E4312A}.Debug|Any CPU.Build.0 = Debug|Any CPU
		{4D42A447-110D-42BE-8CE9-ACFF49E4312A}.Release|Any CPU.ActiveCfg = Release|Any CPU
		{4D42A447-110D-42BE-8CE9-ACFF49E4312A}.Release|Any CPU.Build.0 = Release|Any CPU
		{EA7CD130-CEBD-4EDD-BAD3-876AB3ECBCA0}.Debug|Any CPU.ActiveCfg = Debug|Any CPU
		{EA7CD130-CEBD-4EDD-BAD3-876AB3ECBCA0}.Debug|Any CPU.Build.0 = Debug|Any CPU
		{EA7CD130-CEBD-4EDD-BAD3-876AB3ECBCA0}.Release|Any CPU.ActiveCfg = Release|Any CPU
		{EA7CD130-CEBD-4EDD-BAD3-876AB3ECBCA0}.Release|Any CPU.Build.0 = Release|Any CPU
		{E16F69F8-9576-4A78-8692-8FD28B22C138}.Debug|Any CPU.ActiveCfg = Debug|Any CPU
		{E16F69F8-9576-4A78-8692-8FD28B22C138}.Debug|Any CPU.Build.0 = Debug|Any CPU
		{E16F69F8-9576-4A78-8692-8FD28B22C138}.Release|Any CPU.ActiveCfg = Release|Any CPU
		{E16F69F8-9576-4A78-8692-8FD28B22C138}.Release|Any CPU.Build.0 = Release|Any CPU
		{A6D3FBE5-B97E-44B6-8F39-21D3CD37CAC4}.Debug|Any CPU.ActiveCfg = Debug|Any CPU
		{A6D3FBE5-B97E-44B6-8F39-21D3CD37CAC4}.Debug|Any CPU.Build.0 = Debug|Any CPU
		{A6D3FBE5-B97E-44B6-8F39-21D3CD37CAC4}.Release|Any CPU.ActiveCfg = Release|Any CPU
		{A6D3FBE5-B97E-44B6-8F39-21D3CD37CAC4}.Release|Any CPU.Build.0 = Release|Any CPU
	EndGlobalSection
	GlobalSection(SolutionProperties) = preSolution
		HideSolutionNode = FALSE
	EndGlobalSection
	GlobalSection(ExtensibilityGlobals) = postSolution
		SolutionGuid = {458B6D59-3605-4BE7-B005-258AFBBFC0C2}
	EndGlobalSection
EndGlobal
